
Microsoft Visual Studio Solution File, Format Version 12.00
# Visual Studio Version 17
VisualStudioVersion = 17.0.31825.309
MinimumVisualStudioVersion = 10.0.40219.1
Project("{9A19103F-16F7-4668-BE54-9A1E7A4F7556}") = "AlgorithimsExamples", "AlgorithimsExamples\AlgorithimsExamples.csproj", "{2CF2623B-692A-474E-8E0A-A3FA91806102}"
EndProject
Project("{9A19103F-16F7-4668-BE54-9A1E7A4F7556}") = "SringAlgorithms", "SringAlgorithms\SringAlgorithms.csproj", "{47AC855D-86B0-40F9-88FA-A37A76E92FA7}"
EndProject
Project("{9A19103F-16F7-4668-BE54-9A1E7A4F7556}") = "ArrayAlgorithms", "ArrayAlgorithms\ArrayAlgorithms.csproj", "{2E274C74-3C14-47C9-903F-BF6034E0EDD8}"
EndProject
Project("{9A19103F-16F7-4668-BE54-9A1E7A4F7556}") = "LinkedList", "LinkedList\LinkedList.csproj", "{9EBF51A0-92DB-43EE-98F6-F038438F22B8}"
EndProject
Project("{9A19103F-16F7-4668-BE54-9A1E7A4F7556}") = "QueuesAndStacks", "QueuesAndStacks\QueuesAndStacks.csproj", "{19CE008F-B976-42A6-B4C6-283FBEB133D8}"
EndProject
Project("{9A19103F-16F7-4668-BE54-9A1E7A4F7556}") = "hashBasedStructures", "hashBasedStructures\hashBasedStructures.csproj", "{8069D73E-FECA-4888-B6C1-D751E7B67737}"
EndProject
Project("{9A19103F-16F7-4668-BE54-9A1E7A4F7556}") = "BinarySearchTrees", "BinarySearchTrees\BinarySearchTrees.csproj", "{295C4106-0F43-4DCC-8200-62E8D0EBFB3E}"
EndProject
Project("{FAE04EC0-301F-11D3-BF4B-00C04F79EFBC}") = "TortisandHareAlgorithm", "TortisandHareAlgorithm\TortisandHareAlgorithm.csproj", "{F5A334AE-7393-4DBC-BEF8-16F6412786B5}"
EndProject
Global
	GlobalSection(SolutionConfigurationPlatforms) = preSolution
		Debug|Any CPU = Debug|Any CPU
		Release|Any CPU = Release|Any CPU
	EndGlobalSection
	GlobalSection(ProjectConfigurationPlatforms) = postSolution
		{2CF2623B-692A-474E-8E0A-A3FA91806102}.Debug|Any CPU.ActiveCfg = Debug|Any CPU
		{2CF2623B-692A-474E-8E0A-A3FA91806102}.Debug|Any CPU.Build.0 = Debug|Any CPU
		{2CF2623B-692A-474E-8E0A-A3FA91806102}.Release|Any CPU.ActiveCfg = Release|Any CPU
		{2CF2623B-692A-474E-8E0A-A3FA91806102}.Release|Any CPU.Build.0 = Release|Any CPU
		{47AC855D-86B0-40F9-88FA-A37A76E92FA7}.Debug|Any CPU.ActiveCfg = Debug|Any CPU
		{47AC855D-86B0-40F9-88FA-A37A76E92FA7}.Debug|Any CPU.Build.0 = Debug|Any CPU
		{47AC855D-86B0-40F9-88FA-A37A76E92FA7}.Release|Any CPU.ActiveCfg = Release|Any CPU
		{47AC855D-86B0-40F9-88FA-A37A76E92FA7}.Release|Any CPU.Build.0 = Release|Any CPU
		{2E274C74-3C14-47C9-903F-BF6034E0EDD8}.Debug|Any CPU.ActiveCfg = Debug|Any CPU
		{2E274C74-3C14-47C9-903F-BF6034E0EDD8}.Debug|Any CPU.Build.0 = Debug|Any CPU
		{2E274C74-3C14-47C9-903F-BF6034E0EDD8}.Release|Any CPU.ActiveCfg = Release|Any CPU
		{2E274C74-3C14-47C9-903F-BF6034E0EDD8}.Release|Any CPU.Build.0 = Release|Any CPU
		{9EBF51A0-92DB-43EE-98F6-F038438F22B8}.Debug|Any CPU.ActiveCfg = Debug|Any CPU
		{9EBF51A0-92DB-43EE-98F6-F038438F22B8}.Debug|Any CPU.Build.0 = Debug|Any CPU
		{9EBF51A0-92DB-43EE-98F6-F038438F22B8}.Release|Any CPU.ActiveCfg = Release|Any CPU
		{9EBF51A0-92DB-43EE-98F6-F038438F22B8}.Release|Any CPU.Build.0 = Release|Any CPU
		{19CE008F-B976-42A6-B4C6-283FBEB133D8}.Debug|Any CPU.ActiveCfg = Debug|Any CPU
		{19CE008F-B976-42A6-B4C6-283FBEB133D8}.Debug|Any CPU.Build.0 = Debug|Any CPU
		{19CE008F-B976-42A6-B4C6-283FBEB133D8}.Release|Any CPU.ActiveCfg = Release|Any CPU
		{19CE008F-B976-42A6-B4C6-283FBEB133D8}.Release|Any CPU.Build.0 = Release|Any CPU
		{8069D73E-FECA-4888-B6C1-D751E7B67737}.Debug|Any CPU.ActiveCfg = Debug|Any CPU
		{8069D73E-FECA-4888-B6C1-D751E7B67737}.Debug|Any CPU.Build.0 = Debug|Any CPU
		{8069D73E-FECA-4888-B6C1-D751E7B67737}.Release|Any CPU.ActiveCfg = Release|Any CPU
		{8069D73E-FECA-4888-B6C1-D751E7B67737}.Release|Any CPU.Build.0 = Release|Any CPU
		{295C4106-0F43-4DCC-8200-62E8D0EBFB3E}.Debug|Any CPU.ActiveCfg = Debug|Any CPU
		{295C4106-0F43-4DCC-8200-62E8D0EBFB3E}.Debug|Any CPU.Build.0 = Debug|Any CPU
		{295C4106-0F43-4DCC-8200-62E8D0EBFB3E}.Release|Any CPU.ActiveCfg = Release|Any CPU
		{295C4106-0F43-4DCC-8200-62E8D0EBFB3E}.Release|Any CPU.Build.0 = Release|Any CPU
		{F5A334AE-7393-4DBC-BEF8-16F6412786B5}.Debug|Any CPU.ActiveCfg = Debug|Any CPU
		{F5A334AE-7393-4DBC-BEF8-16F6412786B5}.Debug|Any CPU.Build.0 = Debug|Any CPU
		{F5A334AE-7393-4DBC-BEF8-16F6412786B5}.Release|Any CPU.ActiveCfg = Release|Any CPU
		{F5A334AE-7393-4DBC-BEF8-16F6412786B5}.Release|Any CPU.Build.0 = Release|Any CPU
	EndGlobalSection
	GlobalSection(SolutionProperties) = preSolution
		HideSolutionNode = FALSE
	EndGlobalSection
	GlobalSection(ExtensibilityGlobals) = postSolution
		SolutionGuid = {33B722CA-11A1-46A8-B4A8-CC9A73F31615}
	EndGlobalSection
EndGlobal
